
Microsoft Visual Studio Solution File, Format Version 12.00
# Visual Studio Version 16
VisualStudioVersion = 16.0.32802.440
MinimumVisualStudioVersion = 10.0.40219.1
Project("{FAE04EC0-301F-11D3-BF4B-00C04F79EFBC}") = "P365I_WorldCup.Core", "P365I_WorldCup.Core\P365I_WorldCup.Core.csproj", "{8E722CDE-A27B-42B8-94BF-1D71F15C243A}"
EndProject
Project("{FAE04EC0-301F-11D3-BF4B-00C04F79EFBC}") = "P365I_WorldCup.Main", "P365I_WorldCup.Main\P365I_WorldCup.Main.csproj", "{3D4F56AB-0362-4CBA-8E8F-C63D11728782}"
EndProject
Global
	GlobalSection(SolutionConfigurationPlatforms) = preSolution
		Debug|Any CPU = Debug|Any CPU
		Release|Any CPU = Release|Any CPU
	EndGlobalSection
	GlobalSection(ProjectConfigurationPlatforms) = postSolution
		{8E722CDE-A27B-42B8-94BF-1D71F15C243A}.Debug|Any CPU.ActiveCfg = Debug|Any CPU
		{8E722CDE-A27B-42B8-94BF-1D71F15C243A}.Debug|Any CPU.Build.0 = Debug|Any CPU
		{8E722CDE-A27B-42B8-94BF-1D71F15C243A}.Release|Any CPU.ActiveCfg = Release|Any CPU
		{8E722CDE-A27B-42B8-94BF-1D71F15C243A}.Release|Any CPU.Build.0 = Release|Any CPU
		{3D4F56AB-0362-4CBA-8E8F-C63D11728782}.Debug|Any CPU.ActiveCfg = Debug|Any CPU
		{3D4F56AB-0362-4CBA-8E8F-C63D11728782}.Debug|Any CPU.Build.0 = Debug|Any CPU
		{3D4F56AB-0362-4CBA-8E8F-C63D11728782}.Release|Any CPU.ActiveCfg = Release|Any CPU
		{3D4F56AB-0362-4CBA-8E8F-C63D11728782}.Release|Any CPU.Build.0 = Release|Any CPU
	EndGlobalSection
	GlobalSection(SolutionProperties) = preSolution
		HideSolutionNode = FALSE
	EndGlobalSection
	GlobalSection(ExtensibilityGlobals) = postSolution
		SolutionGuid = {E6D794FD-B678-4EAB-BF0D-62351167AF2E}
	EndGlobalSection
EndGlobal
